
Microsoft Visual Studio Solution File, Format Version 12.00
# Visual Studio 2013
VisualStudioVersion = 12.0.40629.0
MinimumVisualStudioVersion = 10.0.40219.1
Project("{8BC9CEB8-8B4A-11D0-8D11-00A0C91BC942}") = "ApproxSystem", "Engine\Engine.vcxproj", "{BEC7B7E9-E562-4507-B4B4-8AE604B842EB}"
	ProjectSection(ProjectDependencies) = postProject
		{7968A716-B120-43DB-BCA1-D85EA6D189AF} = {7968A716-B120-43DB-BCA1-D85EA6D189AF}
		{620195F1-E79D-4C7C-8137-59F072722497} = {620195F1-E79D-4C7C-8137-59F072722497}
	EndProjectSection
EndProject
Project("{8BC9CEB8-8B4A-11D0-8D11-00A0C91BC942}") = "ApproxD3D11Renderer", "D3D11ApproxRenderer\D3D11ApproxRenderer.vcxproj", "{7968A716-B120-43DB-BCA1-D85EA6D189AF}"
	ProjectSection(ProjectDependencies) = postProject
		{620195F1-E79D-4C7C-8137-59F072722497} = {620195F1-E79D-4C7C-8137-59F072722497}
	EndProjectSection
EndProject
Project("{8BC9CEB8-8B4A-11D0-8D11-00A0C91BC942}") = "ApproxInput", "ApproxInput\ApproxInput.vcxproj", "{620195F1-E79D-4C7C-8137-59F072722497}"
EndProject
Project("{2150E333-8FDC-42A3-9474-1A3956D46DE8}") = "DirectXTools", "DirectXTools", "{17993C3C-46FF-4848-B1B5-601F15770235}"
EndProject
Project("{8BC9CEB8-8B4A-11D0-8D11-00A0C91BC942}") = "ApproxSound", "ApproxSound\ApproxSound.vcxproj", "{45523ED8-FB83-4121-8E2C-F790973B0F53}"
EndProject
Project("{8BC9CEB8-8B4A-11D0-8D11-00A0C91BC942}") = "ApproxCommonTools", "ApproxCommonSystem\ApproxCommonSystem.vcxproj", "{105793EA-B2AB-497E-B3D1-DCA9E4E9473E}"
EndProject
Project("{8BC9CEB8-8B4A-11D0-8D11-00A0C91BC942}") = "ApproxShaderLab", "ApproxShaderLab\ApproxShaderLab.vcxproj", "{53CD679D-8F82-4BE9-8C00-6A7A34368DFD}"
EndProject
Project("{8BC9CEB8-8B4A-11D0-8D11-00A0C91BC942}") = "ApproxGUI_Library", "ApproxGUI_Library\ApproxGUI_Library.vcxproj", "{8A16ED9A-12C6-4065-B31A-05260D1C073D}"
EndProject
Project("{8BC9CEB8-8B4A-11D0-8D11-00A0C91BC942}") = "MyQtPlugin", "MyQtPlugin\MyQtPlugin.vcxproj", "{74C8EC54-7EB3-439E-993D-2D746368851B}"
EndProject
Project("{2150E333-8FDC-42A3-9474-1A3956D46DE8}") = "Solution Items", "Solution Items", "{BBEF876F-01F4-44CB-8698-A066A931AE24}"
	ProjectSection(SolutionItems) = preProject
		test.runsettings = test.runsettings
	EndProjectSection
EndProject
Project("{8BC9CEB8-8B4A-11D0-8D11-00A0C91BC942}") = "TestApp", "TestApp\TestApp.vcxproj", "{4B3E9FD3-DE60-4D9E-AF58-36A38E513610}"
EndProject
Project("{8BC9CEB8-8B4A-11D0-8D11-00A0C91BC942}") = "ApproxGlobalServices", "ApproxGlobalServices\ApproxGlobalServices.vcxproj", "{920DD119-C404-4F11-B2E1-1E3571625727}"
EndProject
Project("{8BC9CEB8-8B4A-11D0-8D11-00A0C91BC942}") = "ApproxEditor", "Editor\Editor.vcxproj", "{B12702AD-ABFB-343A-A199-8E24837244A3}"
EndProject
Project("{8BC9CEB8-8B4A-11D0-8D11-00A0C91BC942}") = "DirectXTK_Desktop_2013", "dxtools\DirectXTK_Desktop_2013.vcxproj", "{E0B52AE7-E160-4D32-BF3F-910B785E5A8E}"
EndProject
Project("{8BC9CEB8-8B4A-11D0-8D11-00A0C91BC942}") = "DirectXTKAudio_Desktop_2013_DXSDK", "dxtools\Audio\DirectXTKAudio_Desktop_2013_DXSDK.vcxproj", "{4F150A30-CECB-49D1-8283-6A3F57438CF5}"
EndProject
Global
	GlobalSection(SolutionConfigurationPlatforms) = preSolution
		Debug|Mixed Platforms = Debug|Mixed Platforms
		Debug|Win32 = Debug|Win32
		Debug|x64 = Debug|x64
		Profile|Mixed Platforms = Profile|Mixed Platforms
		Profile|Win32 = Profile|Win32
		Profile|x64 = Profile|x64
		Release|Mixed Platforms = Release|Mixed Platforms
		Release|Win32 = Release|Win32
		Release|x64 = Release|x64
	EndGlobalSection
	GlobalSection(ProjectConfigurationPlatforms) = postSolution
		{BEC7B7E9-E562-4507-B4B4-8AE604B842EB}.Debug|Mixed Platforms.ActiveCfg = Debug|x64
		{BEC7B7E9-E562-4507-B4B4-8AE604B842EB}.Debug|Mixed Platforms.Build.0 = Debug|x64
		{BEC7B7E9-E562-4507-B4B4-8AE604B842EB}.Debug|Win32.ActiveCfg = Debug|Win32
		{BEC7B7E9-E562-4507-B4B4-8AE604B842EB}.Debug|Win32.Build.0 = Debug|Win32
		{BEC7B7E9-E562-4507-B4B4-8AE604B842EB}.Debug|x64.ActiveCfg = Debug|x64
		{BEC7B7E9-E562-4507-B4B4-8AE604B842EB}.Debug|x64.Build.0 = Debug|x64
		{BEC7B7E9-E562-4507-B4B4-8AE604B842EB}.Profile|Mixed Platforms.ActiveCfg = Release|Win32
		{BEC7B7E9-E562-4507-B4B4-8AE604B842EB}.Profile|Mixed Platforms.Build.0 = Release|Win32
		{BEC7B7E9-E562-4507-B4B4-8AE604B842EB}.Profile|Win32.ActiveCfg = Release|Win32
		{BEC7B7E9-E562-4507-B4B4-8AE604B842EB}.Profile|Win32.Build.0 = Release|Win32
		{BEC7B7E9-E562-4507-B4B4-8AE604B842EB}.Profile|x64.ActiveCfg = Release|x64
		{BEC7B7E9-E562-4507-B4B4-8AE604B842EB}.Profile|x64.Build.0 = Release|x64
		{BEC7B7E9-E562-4507-B4B4-8AE604B842EB}.Release|Mixed Platforms.ActiveCfg = Release|Win32
		{BEC7B7E9-E562-4507-B4B4-8AE604B842EB}.Release|Mixed Platforms.Build.0 = Release|Win32
		{BEC7B7E9-E562-4507-B4B4-8AE604B842EB}.Release|Win32.ActiveCfg = Release|Win32
		{BEC7B7E9-E562-4507-B4B4-8AE604B842EB}.Release|Win32.Build.0 = Release|Win32
		{BEC7B7E9-E562-4507-B4B4-8AE604B842EB}.Release|x64.ActiveCfg = Release|x64
		{BEC7B7E9-E562-4507-B4B4-8AE604B842EB}.Release|x64.Build.0 = Release|x64
		{7968A716-B120-43DB-BCA1-D85EA6D189AF}.Debug|Mixed Platforms.ActiveCfg = Debug|x64
		{7968A716-B120-43DB-BCA1-D85EA6D189AF}.Debug|Mixed Platforms.Build.0 = Debug|x64
		{7968A716-B120-43DB-BCA1-D85EA6D189AF}.Debug|Win32.ActiveCfg = Debug|Win32
		{7968A716-B120-43DB-BCA1-D85EA6D189AF}.Debug|Win32.Build.0 = Debug|Win32
		{7968A716-B120-43DB-BCA1-D85EA6D189AF}.Debug|x64.ActiveCfg = Debug|x64
		{7968A716-B120-43DB-BCA1-D85EA6D189AF}.Debug|x64.Build.0 = Debug|x64
		{7968A716-B120-43DB-BCA1-D85EA6D189AF}.Profile|Mixed Platforms.ActiveCfg = Release|Win32
		{7968A716-B120-43DB-BCA1-D85EA6D189AF}.Profile|Mixed Platforms.Build.0 = Release|Win32
		{7968A716-B120-43DB-BCA1-D85EA6D189AF}.Profile|Win32.ActiveCfg = Release|Win32
		{7968A716-B120-43DB-BCA1-D85EA6D189AF}.Profile|Win32.Build.0 = Release|Win32
		{7968A716-B120-43DB-BCA1-D85EA6D189AF}.Profile|x64.ActiveCfg = Release|x64
		{7968A716-B120-43DB-BCA1-D85EA6D189AF}.Profile|x64.Build.0 = Release|x64
		{7968A716-B120-43DB-BCA1-D85EA6D189AF}.Release|Mixed Platforms.ActiveCfg = Release|Win32
		{7968A716-B120-43DB-BCA1-D85EA6D189AF}.Release|Mixed Platforms.Build.0 = Release|Win32
		{7968A716-B120-43DB-BCA1-D85EA6D189AF}.Release|Win32.ActiveCfg = Release|Win32
		{7968A716-B120-43DB-BCA1-D85EA6D189AF}.Release|Win32.Build.0 = Release|Win32
		{7968A716-B120-43DB-BCA1-D85EA6D189AF}.Release|x64.ActiveCfg = Release|x64
		{7968A716-B120-43DB-BCA1-D85EA6D189AF}.Release|x64.Build.0 = Release|x64
		{620195F1-E79D-4C7C-8137-59F072722497}.Debug|Mixed Platforms.ActiveCfg = Debug|x64
		{620195F1-E79D-4C7C-8137-59F072722497}.Debug|Mixed Platforms.Build.0 = Debug|x64
		{620195F1-E79D-4C7C-8137-59F072722497}.Debug|Win32.ActiveCfg = Debug|Win32
		{620195F1-E79D-4C7C-8137-59F072722497}.Debug|Win32.Build.0 = Debug|Win32
		{620195F1-E79D-4C7C-8137-59F072722497}.Debug|x64.ActiveCfg = Debug|x64
		{620195F1-E79D-4C7C-8137-59F072722497}.Debug|x64.Build.0 = Debug|x64
		{620195F1-E79D-4C7C-8137-59F072722497}.Profile|Mixed Platforms.ActiveCfg = Release|Win32
		{620195F1-E79D-4C7C-8137-59F072722497}.Profile|Mixed Platforms.Build.0 = Release|Win32
		{620195F1-E79D-4C7C-8137-59F072722497}.Profile|Win32.ActiveCfg = Release|Win32
		{620195F1-E79D-4C7C-8137-59F072722497}.Profile|Win32.Build.0 = Release|Win32
		{620195F1-E79D-4C7C-8137-59F072722497}.Profile|x64.ActiveCfg = Release|x64
		{620195F1-E79D-4C7C-8137-59F072722497}.Profile|x64.Build.0 = Release|x64
		{620195F1-E79D-4C7C-8137-59F072722497}.Release|Mixed Platforms.ActiveCfg = Release|Win32
		{620195F1-E79D-4C7C-8137-59F072722497}.Release|Mixed Platforms.Build.0 = Release|Win32
		{620195F1-E79D-4C7C-8137-59F072722497}.Release|Win32.ActiveCfg = Release|Win32
		{620195F1-E79D-4C7C-8137-59F072722497}.Release|Win32.Build.0 = Release|Win32
		{620195F1-E79D-4C7C-8137-59F072722497}.Release|x64.ActiveCfg = Release|x64
		{620195F1-E79D-4C7C-8137-59F072722497}.Release|x64.Build.0 = Release|x64
		{45523ED8-FB83-4121-8E2C-F790973B0F53}.Debug|Mixed Platforms.ActiveCfg = Debug|Win32
		{45523ED8-FB83-4121-8E2C-F790973B0F53}.Debug|Mixed Platforms.Build.0 = Debug|Win32
		{45523ED8-FB83-4121-8E2C-F790973B0F53}.Debug|Win32.ActiveCfg = Debug|Win32
		{45523ED8-FB83-4121-8E2C-F790973B0F53}.Debug|Win32.Build.0 = Debug|Win32
		{45523ED8-FB83-4121-8E2C-F790973B0F53}.Debug|x64.ActiveCfg = Debug|x64
		{45523ED8-FB83-4121-8E2C-F790973B0F53}.Debug|x64.Build.0 = Debug|x64
		{45523ED8-FB83-4121-8E2C-F790973B0F53}.Profile|Mixed Platforms.ActiveCfg = Release|Win32
		{45523ED8-FB83-4121-8E2C-F790973B0F53}.Profile|Mixed Platforms.Build.0 = Release|Win32
		{45523ED8-FB83-4121-8E2C-F790973B0F53}.Profile|Win32.ActiveCfg = Release|Win32
		{45523ED8-FB83-4121-8E2C-F790973B0F53}.Profile|Win32.Build.0 = Release|Win32
		{45523ED8-FB83-4121-8E2C-F790973B0F53}.Profile|x64.ActiveCfg = Release|x64
		{45523ED8-FB83-4121-8E2C-F790973B0F53}.Profile|x64.Build.0 = Release|x64
		{45523ED8-FB83-4121-8E2C-F790973B0F53}.Release|Mixed Platforms.ActiveCfg = Release|Win32
		{45523ED8-FB83-4121-8E2C-F790973B0F53}.Release|Mixed Platforms.Build.0 = Release|Win32
		{45523ED8-FB83-4121-8E2C-F790973B0F53}.Release|Win32.ActiveCfg = Release|Win32
		{45523ED8-FB83-4121-8E2C-F790973B0F53}.Release|Win32.Build.0 = Release|Win32
		{45523ED8-FB83-4121-8E2C-F790973B0F53}.Release|x64.ActiveCfg = Release|x64
		{45523ED8-FB83-4121-8E2C-F790973B0F53}.Release|x64.Build.0 = Release|x64
		{105793EA-B2AB-497E-B3D1-DCA9E4E9473E}.Debug|Mixed Platforms.ActiveCfg = Debug|Win32
		{105793EA-B2AB-497E-B3D1-DCA9E4E9473E}.Debug|Mixed Platforms.Build.0 = Debug|Win32
		{105793EA-B2AB-497E-B3D1-DCA9E4E9473E}.Debug|Win32.ActiveCfg = Debug|Win32
		{105793EA-B2AB-497E-B3D1-DCA9E4E9473E}.Debug|Win32.Build.0 = Debug|Win32
		{105793EA-B2AB-497E-B3D1-DCA9E4E9473E}.Debug|x64.ActiveCfg = Debug|x64
		{105793EA-B2AB-497E-B3D1-DCA9E4E9473E}.Debug|x64.Build.0 = Debug|x64
		{105793EA-B2AB-497E-B3D1-DCA9E4E9473E}.Profile|Mixed Platforms.ActiveCfg = Release|Win32
		{105793EA-B2AB-497E-B3D1-DCA9E4E9473E}.Profile|Mixed Platforms.Build.0 = Release|Win32
		{105793EA-B2AB-497E-B3D1-DCA9E4E9473E}.Profile|Win32.ActiveCfg = Release|Win32
		{105793EA-B2AB-497E-B3D1-DCA9E4E9473E}.Profile|Win32.Build.0 = Release|Win32
		{105793EA-B2AB-497E-B3D1-DCA9E4E9473E}.Profile|x64.ActiveCfg = Release|x64
		{105793EA-B2AB-497E-B3D1-DCA9E4E9473E}.Profile|x64.Build.0 = Release|x64
		{105793EA-B2AB-497E-B3D1-DCA9E4E9473E}.Release|Mixed Platforms.ActiveCfg = Release|Win32
		{105793EA-B2AB-497E-B3D1-DCA9E4E9473E}.Release|Mixed Platforms.Build.0 = Release|Win32
		{105793EA-B2AB-497E-B3D1-DCA9E4E9473E}.Release|Win32.ActiveCfg = Release|Win32
		{105793EA-B2AB-497E-B3D1-DCA9E4E9473E}.Release|Win32.Build.0 = Release|Win32
		{105793EA-B2AB-497E-B3D1-DCA9E4E9473E}.Release|x64.ActiveCfg = Release|x64
		{105793EA-B2AB-497E-B3D1-DCA9E4E9473E}.Release|x64.Build.0 = Release|x64
		{53CD679D-8F82-4BE9-8C00-6A7A34368DFD}.Debug|Mixed Platforms.ActiveCfg = Debug|Win32
		{53CD679D-8F82-4BE9-8C00-6A7A34368DFD}.Debug|Mixed Platforms.Build.0 = Debug|Win32
		{53CD679D-8F82-4BE9-8C00-6A7A34368DFD}.Debug|Win32.ActiveCfg = Debug|Win32
		{53CD679D-8F82-4BE9-8C00-6A7A34368DFD}.Debug|Win32.Build.0 = Debug|Win32
		{53CD679D-8F82-4BE9-8C00-6A7A34368DFD}.Debug|x64.ActiveCfg = Debug|x64
		{53CD679D-8F82-4BE9-8C00-6A7A34368DFD}.Debug|x64.Build.0 = Debug|x64
		{53CD679D-8F82-4BE9-8C00-6A7A34368DFD}.Profile|Mixed Platforms.ActiveCfg = Release|Win32
		{53CD679D-8F82-4BE9-8C00-6A7A34368DFD}.Profile|Mixed Platforms.Build.0 = Release|Win32
		{53CD679D-8F82-4BE9-8C00-6A7A34368DFD}.Profile|Win32.ActiveCfg = Release|Win32
		{53CD679D-8F82-4BE9-8C00-6A7A34368DFD}.Profile|Win32.Build.0 = Release|Win32
		{53CD679D-8F82-4BE9-8C00-6A7A34368DFD}.Profile|x64.ActiveCfg = Release|x64
		{53CD679D-8F82-4BE9-8C00-6A7A34368DFD}.Profile|x64.Build.0 = Release|x64
		{53CD679D-8F82-4BE9-8C00-6A7A34368DFD}.Release|Mixed Platforms.ActiveCfg = Release|Win32
		{53CD679D-8F82-4BE9-8C00-6A7A34368DFD}.Release|Mixed Platforms.Build.0 = Release|Win32
		{53CD679D-8F82-4BE9-8C00-6A7A34368DFD}.Release|Win32.ActiveCfg = Release|Win32
		{53CD679D-8F82-4BE9-8C00-6A7A34368DFD}.Release|Win32.Build.0 = Release|Win32
		{53CD679D-8F82-4BE9-8C00-6A7A34368DFD}.Release|x64.ActiveCfg = Release|x64
		{53CD679D-8F82-4BE9-8C00-6A7A34368DFD}.Release|x64.Build.0 = Release|x64
		{8A16ED9A-12C6-4065-B31A-05260D1C073D}.Debug|Mixed Platforms.ActiveCfg = Debug|Win32
		{8A16ED9A-12C6-4065-B31A-05260D1C073D}.Debug|Mixed Platforms.Build.0 = Debug|Win32
		{8A16ED9A-12C6-4065-B31A-05260D1C073D}.Debug|Win32.ActiveCfg = Debug|Win32
		{8A16ED9A-12C6-4065-B31A-05260D1C073D}.Debug|Win32.Build.0 = Debug|Win32
		{8A16ED9A-12C6-4065-B31A-05260D1C073D}.Debug|x64.ActiveCfg = Debug|x64
		{8A16ED9A-12C6-4065-B31A-05260D1C073D}.Debug|x64.Build.0 = Debug|x64
		{8A16ED9A-12C6-4065-B31A-05260D1C073D}.Profile|Mixed Platforms.ActiveCfg = Release|Win32
		{8A16ED9A-12C6-4065-B31A-05260D1C073D}.Profile|Mixed Platforms.Build.0 = Release|Win32
		{8A16ED9A-12C6-4065-B31A-05260D1C073D}.Profile|Win32.ActiveCfg = Release|Win32
		{8A16ED9A-12C6-4065-B31A-05260D1C073D}.Profile|Win32.Build.0 = Release|Win32
		{8A16ED9A-12C6-4065-B31A-05260D1C073D}.Profile|x64.ActiveCfg = Release|x64
		{8A16ED9A-12C6-4065-B31A-05260D1C073D}.Profile|x64.Build.0 = Release|x64
		{8A16ED9A-12C6-4065-B31A-05260D1C073D}.Release|Mixed Platforms.ActiveCfg = Release|Win32
		{8A16ED9A-12C6-4065-B31A-05260D1C073D}.Release|Mixed Platforms.Build.0 = Release|Win32
		{8A16ED9A-12C6-4065-B31A-05260D1C073D}.Release|Win32.ActiveCfg = Release|Win32
		{8A16ED9A-12C6-4065-B31A-05260D1C073D}.Release|Win32.Build.0 = Release|Win32
		{8A16ED9A-12C6-4065-B31A-05260D1C073D}.Release|x64.ActiveCfg = Release|x64
		{8A16ED9A-12C6-4065-B31A-05260D1C073D}.Release|x64.Build.0 = Release|x64
		{74C8EC54-7EB3-439E-993D-2D746368851B}.Debug|Mixed Platforms.ActiveCfg = Debug|Win32
		{74C8EC54-7EB3-439E-993D-2D746368851B}.Debug|Mixed Platforms.Build.0 = Debug|Win32
		{74C8EC54-7EB3-439E-993D-2D746368851B}.Debug|Win32.ActiveCfg = Debug|Win32
		{74C8EC54-7EB3-439E-993D-2D746368851B}.Debug|Win32.Build.0 = Debug|Win32
		{74C8EC54-7EB3-439E-993D-2D746368851B}.Debug|x64.ActiveCfg = Debug|x64
		{74C8EC54-7EB3-439E-993D-2D746368851B}.Debug|x64.Build.0 = Debug|x64
		{74C8EC54-7EB3-439E-993D-2D746368851B}.Profile|Mixed Platforms.ActiveCfg = Release|Win32
		{74C8EC54-7EB3-439E-993D-2D746368851B}.Profile|Mixed Platforms.Build.0 = Release|Win32
		{74C8EC54-7EB3-439E-993D-2D746368851B}.Profile|Win32.ActiveCfg = Release|Win32
		{74C8EC54-7EB3-439E-993D-2D746368851B}.Profile|Win32.Build.0 = Release|Win32
		{74C8EC54-7EB3-439E-993D-2D746368851B}.Profile|x64.ActiveCfg = Release|x64
		{74C8EC54-7EB3-439E-993D-2D746368851B}.Profile|x64.Build.0 = Release|x64
		{74C8EC54-7EB3-439E-993D-2D746368851B}.Release|Mixed Platforms.ActiveCfg = Release|Win32
		{74C8EC54-7EB3-439E-993D-2D746368851B}.Release|Mixed Platforms.Build.0 = Release|Win32
		{74C8EC54-7EB3-439E-993D-2D746368851B}.Release|Win32.ActiveCfg = Release|Win32
		{74C8EC54-7EB3-439E-993D-2D746368851B}.Release|Win32.Build.0 = Release|Win32
		{74C8EC54-7EB3-439E-993D-2D746368851B}.Release|x64.ActiveCfg = Release|x64
		{74C8EC54-7EB3-439E-993D-2D746368851B}.Release|x64.Build.0 = Release|x64
		{4B3E9FD3-DE60-4D9E-AF58-36A38E513610}.Debug|Mixed Platforms.ActiveCfg = Debug|Win32
		{4B3E9FD3-DE60-4D9E-AF58-36A38E513610}.Debug|Mixed Platforms.Build.0 = Debug|Win32
		{4B3E9FD3-DE60-4D9E-AF58-36A38E513610}.Debug|Win32.ActiveCfg = Debug|Win32
		{4B3E9FD3-DE60-4D9E-AF58-36A38E513610}.Debug|Win32.Build.0 = Debug|Win32
		{4B3E9FD3-DE60-4D9E-AF58-36A38E513610}.Debug|x64.ActiveCfg = Debug|Win32
		{4B3E9FD3-DE60-4D9E-AF58-36A38E513610}.Debug|x64.Build.0 = Debug|Win32
		{4B3E9FD3-DE60-4D9E-AF58-36A38E513610}.Profile|Mixed Platforms.ActiveCfg = Release|Win32
		{4B3E9FD3-DE60-4D9E-AF58-36A38E513610}.Profile|Mixed Platforms.Build.0 = Release|Win32
		{4B3E9FD3-DE60-4D9E-AF58-36A38E513610}.Profile|Win32.ActiveCfg = Release|Win32
		{4B3E9FD3-DE60-4D9E-AF58-36A38E513610}.Profile|Win32.Build.0 = Release|Win32
		{4B3E9FD3-DE60-4D9E-AF58-36A38E513610}.Profile|x64.ActiveCfg = Release|Win32
		{4B3E9FD3-DE60-4D9E-AF58-36A38E513610}.Release|Mixed Platforms.ActiveCfg = Release|Win32
		{4B3E9FD3-DE60-4D9E-AF58-36A38E513610}.Release|Mixed Platforms.Build.0 = Release|Win32
		{4B3E9FD3-DE60-4D9E-AF58-36A38E513610}.Release|Win32.ActiveCfg = Release|Win32
		{4B3E9FD3-DE60-4D9E-AF58-36A38E513610}.Release|Win32.Build.0 = Release|Win32
		{4B3E9FD3-DE60-4D9E-AF58-36A38E513610}.Release|x64.ActiveCfg = Release|x64
		{4B3E9FD3-DE60-4D9E-AF58-36A38E513610}.Release|x64.Build.0 = Release|x64
		{920DD119-C404-4F11-B2E1-1E3571625727}.Debug|Mixed Platforms.ActiveCfg = Debug|Win32
		{920DD119-C404-4F11-B2E1-1E3571625727}.Debug|Mixed Platforms.Build.0 = Debug|Win32
		{920DD119-C404-4F11-B2E1-1E3571625727}.Debug|Win32.ActiveCfg = Debug|Win32
		{920DD119-C404-4F11-B2E1-1E3571625727}.Debug|Win32.Build.0 = Debug|Win32
		{920DD119-C404-4F11-B2E1-1E3571625727}.Debug|x64.ActiveCfg = Debug|x64
		{920DD119-C404-4F11-B2E1-1E3571625727}.Debug|x64.Build.0 = Debug|x64
		{920DD119-C404-4F11-B2E1-1E3571625727}.Profile|Mixed Platforms.ActiveCfg = Release|Win32
		{920DD119-C404-4F11-B2E1-1E3571625727}.Profile|Mixed Platforms.Build.0 = Release|Win32
		{920DD119-C404-4F11-B2E1-1E3571625727}.Profile|Win32.ActiveCfg = Release|Win32
		{920DD119-C404-4F11-B2E1-1E3571625727}.Profile|Win32.Build.0 = Release|Win32
		{920DD119-C404-4F11-B2E1-1E3571625727}.Profile|x64.ActiveCfg = Release|Win32
		{920DD119-C404-4F11-B2E1-1E3571625727}.Release|Mixed Platforms.ActiveCfg = Release|Win32
		{920DD119-C404-4F11-B2E1-1E3571625727}.Release|Mixed Platforms.Build.0 = Release|Win32
		{920DD119-C404-4F11-B2E1-1E3571625727}.Release|Win32.ActiveCfg = Release|Win32
		{920DD119-C404-4F11-B2E1-1E3571625727}.Release|Win32.Build.0 = Release|Win32
		{920DD119-C404-4F11-B2E1-1E3571625727}.Release|x64.ActiveCfg = Release|x64
		{920DD119-C404-4F11-B2E1-1E3571625727}.Release|x64.Build.0 = Release|x64
		{B12702AD-ABFB-343A-A199-8E24837244A3}.Debug|Mixed Platforms.ActiveCfg = Debug|Win32
		{B12702AD-ABFB-343A-A199-8E24837244A3}.Debug|Mixed Platforms.Build.0 = Debug|Win32
		{B12702AD-ABFB-343A-A199-8E24837244A3}.Debug|Win32.ActiveCfg = Debug|Win32
		{B12702AD-ABFB-343A-A199-8E24837244A3}.Debug|Win32.Build.0 = Debug|Win32
		{B12702AD-ABFB-343A-A199-8E24837244A3}.Debug|x64.ActiveCfg = Debug|x64
		{B12702AD-ABFB-343A-A199-8E24837244A3}.Debug|x64.Build.0 = Debug|x64
		{B12702AD-ABFB-343A-A199-8E24837244A3}.Profile|Mixed Platforms.ActiveCfg = Release|Win32
		{B12702AD-ABFB-343A-A199-8E24837244A3}.Profile|Mixed Platforms.Build.0 = Release|Win32
		{B12702AD-ABFB-343A-A199-8E24837244A3}.Profile|Win32.ActiveCfg = Release|Win32
		{B12702AD-ABFB-343A-A199-8E24837244A3}.Profile|Win32.Build.0 = Release|Win32
		{B12702AD-ABFB-343A-A199-8E24837244A3}.Profile|x64.ActiveCfg = Release|x64
		{B12702AD-ABFB-343A-A199-8E24837244A3}.Profile|x64.Build.0 = Release|x64
		{B12702AD-ABFB-343A-A199-8E24837244A3}.Release|Mixed Platforms.ActiveCfg = Release|Win32
		{B12702AD-ABFB-343A-A199-8E24837244A3}.Release|Mixed Platforms.Build.0 = Release|Win32
		{B12702AD-ABFB-343A-A199-8E24837244A3}.Release|Win32.ActiveCfg = Release|Win32
		{B12702AD-ABFB-343A-A199-8E24837244A3}.Release|Win32.Build.0 = Release|Win32
		{B12702AD-ABFB-343A-A199-8E24837244A3}.Release|x64.ActiveCfg = Release|x64
		{B12702AD-ABFB-343A-A199-8E24837244A3}.Release|x64.Build.0 = Release|x64
		{E0B52AE7-E160-4D32-BF3F-910B785E5A8E}.Debug|Mixed Platforms.ActiveCfg = Debug|Win32
		{E0B52AE7-E160-4D32-BF3F-910B785E5A8E}.Debug|Mixed Platforms.Build.0 = Debug|Win32
		{E0B52AE7-E160-4D32-BF3F-910B785E5A8E}.Debug|Win32.ActiveCfg = Debug|Win32
		{E0B52AE7-E160-4D32-BF3F-910B785E5A8E}.Debug|Win32.Build.0 = Debug|Win32
		{E0B52AE7-E160-4D32-BF3F-910B785E5A8E}.Debug|x64.ActiveCfg = Debug|x64
		{E0B52AE7-E160-4D32-BF3F-910B785E5A8E}.Debug|x64.Build.0 = Debug|x64
		{E0B52AE7-E160-4D32-BF3F-910B785E5A8E}.Profile|Mixed Platforms.ActiveCfg = Release|Win32
		{E0B52AE7-E160-4D32-BF3F-910B785E5A8E}.Profile|Mixed Platforms.Build.0 = Release|Win32
		{E0B52AE7-E160-4D32-BF3F-910B785E5A8E}.Profile|Win32.ActiveCfg = Release|Win32
		{E0B52AE7-E160-4D32-BF3F-910B785E5A8E}.Profile|Win32.Build.0 = Release|Win32
		{E0B52AE7-E160-4D32-BF3F-910B785E5A8E}.Profile|x64.ActiveCfg = Release|x64
		{E0B52AE7-E160-4D32-BF3F-910B785E5A8E}.Profile|x64.Build.0 = Release|x64
		{E0B52AE7-E160-4D32-BF3F-910B785E5A8E}.Release|Mixed Platforms.ActiveCfg = Release|Win32
		{E0B52AE7-E160-4D32-BF3F-910B785E5A8E}.Release|Mixed Platforms.Build.0 = Release|Win32
		{E0B52AE7-E160-4D32-BF3F-910B785E5A8E}.Release|Win32.ActiveCfg = Release|Win32
		{E0B52AE7-E160-4D32-BF3F-910B785E5A8E}.Release|Win32.Build.0 = Release|Win32
		{E0B52AE7-E160-4D32-BF3F-910B785E5A8E}.Release|x64.ActiveCfg = Release|x64
		{E0B52AE7-E160-4D32-BF3F-910B785E5A8E}.Release|x64.Build.0 = Release|x64
		{4F150A30-CECB-49D1-8283-6A3F57438CF5}.Debug|Mixed Platforms.ActiveCfg = Debug|Win32
		{4F150A30-CECB-49D1-8283-6A3F57438CF5}.Debug|Mixed Platforms.Build.0 = Debug|Win32
		{4F150A30-CECB-49D1-8283-6A3F57438CF5}.Debug|Win32.ActiveCfg = Debug|Win32
		{4F150A30-CECB-49D1-8283-6A3F57438CF5}.Debug|Win32.Build.0 = Debug|Win32
		{4F150A30-CECB-49D1-8283-6A3F57438CF5}.Debug|x64.ActiveCfg = Debug|x64
		{4F150A30-CECB-49D1-8283-6A3F57438CF5}.Debug|x64.Build.0 = Debug|x64
		{4F150A30-CECB-49D1-8283-6A3F57438CF5}.Profile|Mixed Platforms.ActiveCfg = Release|Win32
		{4F150A30-CECB-49D1-8283-6A3F57438CF5}.Profile|Mixed Platforms.Build.0 = Release|Win32
		{4F150A30-CECB-49D1-8283-6A3F57438CF5}.Profile|Win32.ActiveCfg = Release|Win32
		{4F150A30-CECB-49D1-8283-6A3F57438CF5}.Profile|Win32.Build.0 = Release|Win32
		{4F150A30-CECB-49D1-8283-6A3F57438CF5}.Profile|x64.ActiveCfg = Release|x64
		{4F150A30-CECB-49D1-8283-6A3F57438CF5}.Profile|x64.Build.0 = Release|x64
		{4F150A30-CECB-49D1-8283-6A3F57438CF5}.Release|Mixed Platforms.ActiveCfg = Release|Win32
		{4F150A30-CECB-49D1-8283-6A3F57438CF5}.Release|Mixed Platforms.Build.0 = Release|Win32
		{4F150A30-CECB-49D1-8283-6A3F57438CF5}.Release|Win32.ActiveCfg = Release|Win32
		{4F150A30-CECB-49D1-8283-6A3F57438CF5}.Release|Win32.Build.0 = Release|Win32
		{4F150A30-CECB-49D1-8283-6A3F57438CF5}.Release|x64.ActiveCfg = Release|x64
		{4F150A30-CECB-49D1-8283-6A3F57438CF5}.Release|x64.Build.0 = Release|x64
	EndGlobalSection
	GlobalSection(SolutionProperties) = preSolution
		HideSolutionNode = FALSE
	EndGlobalSection
	GlobalSection(NestedProjects) = preSolution
		{E0B52AE7-E160-4D32-BF3F-910B785E5A8E} = {17993C3C-46FF-4848-B1B5-601F15770235}
		{4F150A30-CECB-49D1-8283-6A3F57438CF5} = {17993C3C-46FF-4848-B1B5-601F15770235}
	EndGlobalSection
EndGlobal
